
Microsoft Visual Studio Solution File, Format Version 12.00
# Visual Studio Version 17
VisualStudioVersion = 17.0.32126.317
MinimumVisualStudioVersion = 10.0.40219.1
Project("{FAE04EC0-301F-11D3-BF4B-00C04F79EFBC}") = "DataStructuresAndAlgorithms", "DataStructuresAndAlgorithms\DataStructuresAndAlgorithms.csproj", "{98EBE1CE-CB10-4DC9-81B5-542BF52055CA}"
EndProject
Global
	GlobalSection(SolutionConfigurationPlatforms) = preSolution
		Debug|Any CPU = Debug|Any CPU
		Release|Any CPU = Release|Any CPU
	EndGlobalSection
	GlobalSection(ProjectConfigurationPlatforms) = postSolution
		{98EBE1CE-CB10-4DC9-81B5-542BF52055CA}.Debug|Any CPU.ActiveCfg = Debug|Any CPU
		{98EBE1CE-CB10-4DC9-81B5-542BF52055CA}.Debug|Any CPU.Build.0 = Debug|Any CPU
		{98EBE1CE-CB10-4DC9-81B5-542BF52055CA}.Release|Any CPU.ActiveCfg = Release|Any CPU
		{98EBE1CE-CB10-4DC9-81B5-542BF52055CA}.Release|Any CPU.Build.0 = Release|Any CPU
	EndGlobalSection
	GlobalSection(SolutionProperties) = preSolution
		HideSolutionNode = FALSE
	EndGlobalSection
	GlobalSection(ExtensibilityGlobals) = postSolution
		SolutionGuid = {5A5BA80D-D3D3-4EB4-9B81-5A8F278928E1}
	EndGlobalSection
EndGlobal
