
Microsoft Visual Studio Solution File, Format Version 12.00
# Visual Studio 15
VisualStudioVersion = 15.0.28010.2026
MinimumVisualStudioVersion = 10.0.40219.1
Project("{FAE04EC0-301F-11D3-BF4B-00C04F79EFBC}") = "BBD", "BBD\BBD.csproj", "{68CC2C6C-2AAF-47BA-B81B-B31B3B1F20F5}"
EndProject
Global
	GlobalSection(SolutionConfigurationPlatforms) = preSolution
		Debug|Any CPU = Debug|Any CPU
		Release|Any CPU = Release|Any CPU
	EndGlobalSection
	GlobalSection(ProjectConfigurationPlatforms) = postSolution
		{68CC2C6C-2AAF-47BA-B81B-B31B3B1F20F5}.Debug|Any CPU.ActiveCfg = Debug|Any CPU
		{68CC2C6C-2AAF-47BA-B81B-B31B3B1F20F5}.Debug|Any CPU.Build.0 = Debug|Any CPU
		{68CC2C6C-2AAF-47BA-B81B-B31B3B1F20F5}.Release|Any CPU.ActiveCfg = Release|Any CPU
		{68CC2C6C-2AAF-47BA-B81B-B31B3B1F20F5}.Release|Any CPU.Build.0 = Release|Any CPU
	EndGlobalSection
	GlobalSection(SolutionProperties) = preSolution
		HideSolutionNode = FALSE
	EndGlobalSection
	GlobalSection(ExtensibilityGlobals) = postSolution
		SolutionGuid = {8230DD25-E70B-4435-A9FC-3E028863F0AD}
	EndGlobalSection
EndGlobal
