
Microsoft Visual Studio Solution File, Format Version 12.00
# Visual Studio 15
VisualStudioVersion = 15.0.28010.2026
MinimumVisualStudioVersion = 10.0.40219.1
Project("{FAE04EC0-301F-11D3-BF4B-00C04F79EFBC}") = "NewYearChaos", "NewYearChaos\NewYearChaos.csproj", "{6B191566-AF90-42B2-A0C9-424CB6B6DA04}"
EndProject
Global
	GlobalSection(SolutionConfigurationPlatforms) = preSolution
		Debug|Any CPU = Debug|Any CPU
		Release|Any CPU = Release|Any CPU
	EndGlobalSection
	GlobalSection(ProjectConfigurationPlatforms) = postSolution
		{6B191566-AF90-42B2-A0C9-424CB6B6DA04}.Debug|Any CPU.ActiveCfg = Debug|Any CPU
		{6B191566-AF90-42B2-A0C9-424CB6B6DA04}.Debug|Any CPU.Build.0 = Debug|Any CPU
		{6B191566-AF90-42B2-A0C9-424CB6B6DA04}.Release|Any CPU.ActiveCfg = Release|Any CPU
		{6B191566-AF90-42B2-A0C9-424CB6B6DA04}.Release|Any CPU.Build.0 = Release|Any CPU
	EndGlobalSection
	GlobalSection(SolutionProperties) = preSolution
		HideSolutionNode = FALSE
	EndGlobalSection
	GlobalSection(ExtensibilityGlobals) = postSolution
		SolutionGuid = {27187CC0-38A2-409A-88C0-7F220D2A95BF}
	EndGlobalSection
EndGlobal
